
Microsoft Visual Studio Solution File, Format Version 12.00
# Visual Studio 2015
Project("{FAE04EC0-301F-11D3-BF4B-00C04F79EFBC}") = "Panic! On Board - Demo", "Panic! On Board - Demo.csproj", "{1F54DC80-4DA8-E784-ADA9-A0B1A9752FE6}"
EndProject
Global
	GlobalSection(SolutionConfigurationPlatforms) = preSolution
		Debug|Any CPU = Debug|Any CPU
		Release|Any CPU = Release|Any CPU
	EndGlobalSection
	GlobalSection(ProjectConfigurationPlatforms) = postSolution
		{1F54DC80-4DA8-E784-ADA9-A0B1A9752FE6}.Debug|Any CPU.ActiveCfg = Debug|Any CPU
		{1F54DC80-4DA8-E784-ADA9-A0B1A9752FE6}.Debug|Any CPU.Build.0 = Debug|Any CPU
		{1F54DC80-4DA8-E784-ADA9-A0B1A9752FE6}.Release|Any CPU.ActiveCfg = Release|Any CPU
		{1F54DC80-4DA8-E784-ADA9-A0B1A9752FE6}.Release|Any CPU.Build.0 = Release|Any CPU
	EndGlobalSection
	GlobalSection(SolutionProperties) = preSolution
		HideSolutionNode = FALSE
	EndGlobalSection
EndGlobal
